<?xml version="1.0" encoding="utf-8"?>
<Project ToolsVersion="4.0" xmlns="http://schemas.microsoft.com/developer/msbuild/2003">
  <ItemGroup>
    <Filter Include="Source Files">
      <UniqueIdentifier>{4FC737F1-C7A5-4376-A066-2A32D752A2FF}</UniqueIdentifier>
      <Extensions>cpp;c;cc;cxx;c++;cppm;ixx;def;odl;idl;hpj;bat;asm;asmx</Extensions>
    </Filter>
    <Filter Include="Header Files">
      <UniqueIdentifier>{93995380-89BD-4b04-88EB-625FBE52EBFB}</UniqueIdentifier>
      <Extensions>h;hh;hpp;hxx;h++;hm;inl;inc;ipp;xsd</Extensions>
    </Filter>
    <Filter Include="Resource Files">
      <UniqueIdentifier>{67DA6AB6-F800-4c08-8B7A-83BB121AAD01}</UniqueIdentifier>
      <Extensions>rc;ico;cur;bmp;dlg;rc2;rct;bin;rgs;gif;jpg;jpeg;jpe;resx;tiff;tif;png;wav;mfcribbon-ms</Extensions>
    </Filter>
    <Filter Include="Header Files\DS">
      <UniqueIdentifier>{8a73784e-c17a-4d31-83be-e5759844dc01}</UniqueIdentifier>
    </Filter>
    <Filter Include="Header Files\Treatment">
      <UniqueIdentifier>{d9ae4fe3-0347-430e-bb9b-cef1fb735076}</UniqueIdentifier>
    </Filter>
    <Filter Include="Source Files\Treatment">
      <UniqueIdentifier>{3063061a-8d07-4e35-830f-34bbcfe9bc8f}</UniqueIdentifier>
    </Filter>
    <Filter Include="Source Files\DS">
      <UniqueIdentifier>{cd7a8a28-e2cd-446b-ba29-9fd523caac37}</UniqueIdentifier>
    </Filter>
    <Filter Include="Header Files\Resource">
      <UniqueIdentifier>{d2a30996-1eac-48d0-b247-87940f26c620}</UniqueIdentifier>
    </Filter>
    <Filter Include="Source Files\Resource">
      <UniqueIdentifier>{fce5d37e-2fcb-4316-96a5-8eafbca33a78}</UniqueIdentifier>
    </Filter>
    <Filter Include="Source Files\Patient">
      <UniqueIdentifier>{7ff6a05c-1367-48cd-8838-a4078cad4a45}</UniqueIdentifier>
    </Filter>
    <Filter Include="Header Files\Patient">
      <UniqueIdentifier>{5ceb0572-579e-4d80-bc88-63adad9c3976}</UniqueIdentifier>
    </Filter>
    <Filter Include="Header Files\Derived">
      <UniqueIdentifier>{5420499b-f067-4e36-bbe8-51ca6bec1a7f}</UniqueIdentifier>
    </Filter>
    <Filter Include="Source Files\Derived">
      <UniqueIdentifier>{c7e9370e-d606-4461-b94c-1633b41f4d6a}</UniqueIdentifier>
    </Filter>
  </ItemGroup>
  <ItemGroup>
    <ClInclude Include="Schedular.h">
      <Filter>Header Files</Filter>
    </ClInclude>
    <ClInclude Include="XTherapy.h">
      <Filter>Header Files\Treatment</Filter>
    </ClInclude>
    <ClInclude Include="UTherapy.h">
      <Filter>Header Files\Treatment</Filter>
    </ClInclude>
    <ClInclude Include="Treatment.h">
      <Filter>Header Files\Treatment</Filter>
    </ClInclude>
    <ClInclude Include="ETherapy.h">
      <Filter>Header Files\Treatment</Filter>
    </ClInclude>
    <ClInclude Include="StackADT.h">
      <Filter>Header Files\DS</Filter>
    </ClInclude>
    <ClInclude Include="priQueue.h">
      <Filter>Header Files\DS</Filter>
    </ClInclude>
    <ClInclude Include="Node.h">
      <Filter>Header Files\DS</Filter>
    </ClInclude>
    <ClInclude Include="LinkedQueue.h">
      <Filter>Header Files\DS</Filter>
    </ClInclude>
    <ClInclude Include="ArrayStack.h">
      <Filter>Header Files\DS</Filter>
    </ClInclude>
    <ClInclude Include="priNode.h">
      <Filter>Header Files\DS</Filter>
    </ClInclude>
    <ClInclude Include="QueueADT.h">
      <Filter>Header Files\DS</Filter>
    </ClInclude>
    <ClInclude Include="UDevice.h">
      <Filter>Header Files\Resource</Filter>
    </ClInclude>
    <ClInclude Include="Resource.h">
      <Filter>Header Files\Resource</Filter>
    </ClInclude>
    <ClInclude Include="GymRoom.h">
      <Filter>Header Files\Resource</Filter>
    </ClInclude>
    <ClInclude Include="EDevice.h">
      <Filter>Header Files\Resource</Filter>
    </ClInclude>
    <ClInclude Include="Patient.h">
      <Filter>Header Files\Patient</Filter>
    </ClInclude>
    <ClInclude Include="X_Waitlist.h">
      <Filter>Header Files\Derived</Filter>
    </ClInclude>
    <ClInclude Include="EU_Waitlist.h">
      <Filter>Header Files\Derived</Filter>
    </ClInclude>
    <ClInclude Include="EarlyPlist.h">
      <Filter>Header Files\Derived</Filter>
    </ClInclude>
    <ClInclude Include="UI.h">
      <Filter>Header Files</Filter>
    </ClInclude>
  </ItemGroup>
  <ItemGroup>
    <ClCompile Include="Schedular.cpp">
      <Filter>Source Files</Filter>
    </ClCompile>
    <ClCompile Include="XTherapy.cpp">
      <Filter>Source Files\Treatment</Filter>
    </ClCompile>
    <ClCompile Include="UTherapy.cpp">
      <Filter>Source Files\Treatment</Filter>
    </ClCompile>
    <ClCompile Include="Treatment.cpp">
      <Filter>Source Files\Treatment</Filter>
    </ClCompile>
    <ClCompile Include="ETherapy.cpp">
      <Filter>Source Files\Treatment</Filter>
    </ClCompile>
    <ClCompile Include="StackADT.cpp">
      <Filter>Source Files\DS</Filter>
    </ClCompile>
    <ClCompile Include="QueueADT.cpp">
      <Filter>Source Files\DS</Filter>
    </ClCompile>
    <ClCompile Include="priQueue.cpp">
      <Filter>Source Files\DS</Filter>
    </ClCompile>
    <ClCompile Include="priNode.cpp">
      <Filter>Source Files\DS</Filter>
    </ClCompile>
    <ClCompile Include="Node.cpp">
      <Filter>Source Files\DS</Filter>
    </ClCompile>
    <ClCompile Include="LinkedQueue.cpp">
      <Filter>Source Files\DS</Filter>
    </ClCompile>
    <ClCompile Include="ArrayStack.cpp">
      <Filter>Source Files\DS</Filter>
    </ClCompile>
    <ClCompile Include="UDevice.cpp">
      <Filter>Source Files\Resource</Filter>
    </ClCompile>
    <ClCompile Include="Resource.cpp">
      <Filter>Source Files\Resource</Filter>
    </ClCompile>
    <ClCompile Include="GymRoom.cpp">
      <Filter>Source Files\Resource</Filter>
    </ClCompile>
    <ClCompile Include="EDevice.cpp">
      <Filter>Source Files\Resource</Filter>
    </ClCompile>
    <ClCompile Include="Patient.cpp">
      <Filter>Source Files\Patient</Filter>
    </ClCompile>
    <ClCompile Include="X_Waitlist.cpp">
      <Filter>Source Files\Derived</Filter>
    </ClCompile>
    <ClCompile Include="EU_Waitlist.cpp">
      <Filter>Source Files\Derived</Filter>
    </ClCompile>
    <ClCompile Include="EarlyPlist.cpp">
      <Filter>Source Files\Derived</Filter>
    </ClCompile>
    <ClCompile Include="mian.cpp">
      <Filter>Source Files</Filter>
    </ClCompile>
    <ClCompile Include="UI.cpp">
      <Filter>Source Files</Filter>
    </ClCompile>
  </ItemGroup>
  <ItemGroup>
    <Text Include="input1.txt" />
    <Text Include="output1.txt" />
  </ItemGroup>
  <ItemGroup>
    <None Include=".gitignore" />
  </ItemGroup>
</Project>